# THIS IS AN AUTOGENERATED FILE. DO NOT EDIT THIS FILE DIRECTLY.
# yarn lockfile v1


LiveScript@1.0.1:
  version "1.0.1"
  resolved "https://registry.npmjs.org/LiveScript/-/LiveScript-1.0.1.tgz#fd314990e5d75010425789f525a67531b5a0b143"
  dependencies:
    prelude-ls ">= 0.6.0"

abbrev@1:
  version "1.1.1"
  resolved "https://registry.npmjs.org/abbrev/-/abbrev-1.1.1.tgz#f8f2c887ad10bf67f634f005b6987fed3179aac8"

abbrev@1.0.x:
  version "1.0.9"
  resolved "https://registry.npmjs.org/abbrev/-/abbrev-1.0.9.tgz#91b4792588a7738c25f35dd6f63752a2f8776135"

active-x-obfuscator@0.0.1:
  version "0.0.1"
  resolved "https://registry.npmjs.org/active-x-obfuscator/-/active-x-obfuscator-0.0.1.tgz#089b89b37145ff1d9ec74af6530be5526cae1f1a"
  dependencies:
    zeparser "0.0.5"

amdefine@>=0.0.4:
  version "1.0.1"
  resolved "https://registry.npmjs.org/amdefine/-/amdefine-1.0.1.tgz#4a5282ac164729e93619bcfd3ad151f817ce91f5"

async@0.2.x, async@~0.2.6, async@~0.2.9:
  version "0.2.10"
  resolved "https://registry.npmjs.org/async/-/async-0.2.10.tgz#b6bbe0b0674b9d719708ca38de8c237cb526c3d1"

balanced-match@^1.0.0:
  version "1.0.0"
  resolved "https://registry.npmjs.org/balanced-match/-/balanced-match-1.0.0.tgz#89b4d199ab2bee49de164ea02b89ce462d71b767"

base64id@0.1.0:
  version "0.1.0"
  resolved "https://registry.npmjs.org/base64id/-/base64id-0.1.0.tgz#02ce0fdeee0cef4f40080e1e73e834f0b1bfce3f"

brace-expansion@^1.1.7:
  version "1.1.8"
  resolved "https://registry.npmjs.org/brace-expansion/-/brace-expansion-1.1.8.tgz#c07b211c7c952ec1f8efd51a77ef0d1d3990a292"
  dependencies:
    balanced-match "^1.0.0"
    concat-map "0.0.1"

chokidar@~0.6:
  version "0.6.3"
  resolved "https://registry.npmjs.org/chokidar/-/chokidar-0.6.3.tgz#e85968fa235f21773d388c617af085bf2104425a"

cli@0.4.x:
  version "0.4.5"
  resolved "https://registry.npmjs.org/cli/-/cli-0.4.5.tgz#78f9485cd161b566e9a6c72d7170c4270e81db61"
  dependencies:
    glob ">= 3.1.4"

coffee-script@~1.6:
  version "1.6.3"
  resolved "https://registry.npmjs.org/coffee-script/-/coffee-script-1.6.3.tgz#6355d32cf1b04cdff6b484e5e711782b2f0c39be"

colors@0.6.0-1:
  version "0.6.0-1"
  resolved "https://registry.npmjs.org/colors/-/colors-0.6.0-1.tgz#6dbb68ceb8bc60f2b313dcc5ce1599f06d19e67a"

colors@0.x.x:
  version "0.6.2"
  resolved "https://registry.npmjs.org/colors/-/colors-0.6.2.tgz#2423fe6678ac0c5dae8852e5d0e5be08c997abcc"

commander@0.6.1:
  version "0.6.1"
  resolved "https://registry.npmjs.org/commander/-/commander-0.6.1.tgz#fa68a14f6a945d54dbbe50d8cdb3320e9e3b1a06"

commander@~2.1.0:
  version "2.1.0"
  resolved "https://registry.npmjs.org/commander/-/commander-2.1.0.tgz#d121bbae860d9992a3d517ba96f56588e47c6781"

concat-map@0.0.1:
  version "0.0.1"
  resolved "https://registry.npmjs.org/concat-map/-/concat-map-0.0.1.tgz#d8a96bd77fd68df7793a73036a3ba0d5405d477b"

console-browserify@0.1.x:
  version "0.1.6"
  resolved "https://registry.npmjs.org/console-browserify/-/console-browserify-0.1.6.tgz#d128a3c0bb88350eb5626c6e7c71a6f0fd48983c"

core-util-is@~1.0.0:
  version "1.0.2"
  resolved "https://registry.npmjs.org/core-util-is/-/core-util-is-1.0.2.tgz#b5fd54220aa2bc5ab57aab7140c940754503c1a7"

dateformat@1.0.2-1.2.3:
  version "1.0.2-1.2.3"
  resolved "https://registry.npmjs.org/dateformat/-/dateformat-1.0.2-1.2.3.tgz#b0220c02de98617433b72851cf47de3df2cdbee9"

debug@*:
  version "3.1.0"
  resolved "https://registry.npmjs.org/debug/-/debug-3.1.0.tgz#5bb5a0672628b64149566ba16819e61518c67261"
  dependencies:
    ms "2.0.0"

deep-equal@*:
  version "1.0.1"
  resolved "https://registry.npmjs.org/deep-equal/-/deep-equal-1.0.1.tgz#f5d260292b660e084eff4cdbc9f08ad3247448b5"

diff@1.0.2:
  version "1.0.2"
  resolved "https://registry.npmjs.org/diff/-/diff-1.0.2.tgz#4ae73f1aee8d6fcf484f1a1ce77ce651d9b7f0c9"

escodegen@0.0.23:
  version "0.0.23"
  resolved "https://registry.npmjs.org/escodegen/-/escodegen-0.0.23.tgz#9acf978164368e42276571f18839c823b3a844df"
  dependencies:
    esprima "~1.0.2"
    estraverse "~0.0.4"
  optionalDependencies:
    source-map ">= 0.1.2"

esprima@1.0.x, esprima@~1.0.2:
  version "1.0.4"
  resolved "https://registry.npmjs.org/esprima/-/esprima-1.0.4.tgz#9f557e08fc3b4d26ece9dd34f8fbf476b62585ad"

estraverse@~0.0.4:
  version "0.0.4"
  resolved "https://registry.npmjs.org/estraverse/-/estraverse-0.0.4.tgz#01a0932dfee574684a598af5a67c3bf9b6428db2"

fileset@0.1.x:
  version "0.1.8"
  resolved "https://registry.npmjs.org/fileset/-/fileset-0.1.8.tgz#506b91a9396eaa7e32fb42a84077c7a0c736b741"
  dependencies:
    glob "3.x"
    minimatch "0.x"

fs.realpath@^1.0.0:
  version "1.0.0"
  resolved "https://registry.npmjs.org/fs.realpath/-/fs.realpath-1.0.0.tgz#1504ad2523158caa40db4a2787cb01411994ea4f"

glob@3.2.1:
  version "3.2.1"
  resolved "https://registry.npmjs.org/glob/-/glob-3.2.1.tgz#57af70ec73ba2323bfe3f29a067765db64c5d758"
  dependencies:
    graceful-fs "~1.2.0"
    inherits "1"
    minimatch "~0.2.11"

glob@3.x:
  version "3.2.11"
  resolved "https://registry.npmjs.org/glob/-/glob-3.2.11.tgz#4a973f635b9190f715d10987d5c00fd2815ebe3d"
  dependencies:
    inherits "2"
    minimatch "0.3"

"glob@>= 3.1.4", glob@^7.0.5:
  version "7.1.2"
  resolved "https://registry.npmjs.org/glob/-/glob-7.1.2.tgz#c19c9df9a028702d678612384a6552404c636d15"
  dependencies:
    fs.realpath "^1.0.0"
    inflight "^1.0.4"
    inherits "2"
    minimatch "^3.0.4"
    once "^1.3.0"
    path-is-absolute "^1.0.0"

glob@~3.1.21:
  version "3.1.21"
  resolved "https://registry.npmjs.org/glob/-/glob-3.1.21.tgz#d29e0a055dea5138f4d07ed40e8982e83c2066cd"
  dependencies:
    graceful-fs "~1.2.0"
    inherits "1"
    minimatch "~0.2.11"

graceful-fs@~1, graceful-fs@~1.2.0:
  version "1.2.3"
  resolved "https://registry.npmjs.org/graceful-fs/-/graceful-fs-1.2.3.tgz#15a4806a57547cb2d2dbf27f42e89a8c3451b364"

growl@1.7.x:
  version "1.7.0"
  resolved "https://registry.npmjs.org/growl/-/growl-1.7.0.tgz#de2d66136d002e112ba70f3f10c31cf7c350b2da"

growly@~1.1:
  version "1.1.1"
  resolved "https://registry.npmjs.org/growly/-/growly-1.1.1.tgz#eb434a0e56f0241d82864cbfd4112c70911242fa"

handlebars@1.0.x:
  version "1.0.12"
  resolved "https://registry.npmjs.org/handlebars/-/handlebars-1.0.12.tgz#18c6d3440c35e91b19b3ff582b9151ab4985d4fc"
  dependencies:
    optimist "~0.3"
    uglify-js "~2.3"

http-proxy@~0.10:
  version "0.10.4"
  resolved "https://registry.npmjs.org/http-proxy/-/http-proxy-0.10.4.tgz#14ba0ceaa2197f89fa30dea9e7b09e19cd93c22f"
  dependencies:
    colors "0.x.x"
    optimist "0.6.x"
    pkginfo "0.3.x"
    utile "~0.2.1"

i@0.3.x:
  version "0.3.6"
  resolved "https://registry.npmjs.org/i/-/i-0.3.6.tgz#d96c92732076f072711b6b10fd7d4f65ad8ee23d"

inflight@^1.0.4:
  version "1.0.6"
  resolved "https://registry.npmjs.org/inflight/-/inflight-1.0.6.tgz#49bd6331d7d02d0c09bc910a1075ba8165b56df9"
  dependencies:
    once "^1.3.0"
    wrappy "1"

inherits@1:
  version "1.0.2"
  resolved "https://registry.npmjs.org/inherits/-/inherits-1.0.2.tgz#ca4309dadee6b54cc0b8d247e8d7c7a0975bdc9b"

inherits@2, inherits@~2.0.1:
  version "2.0.3"
  resolved "https://registry.npmjs.org/inherits/-/inherits-2.0.3.tgz#633c2c83e3da42a502f52466022480f4208261de"

isarray@0.0.1:
  version "0.0.1"
  resolved "https://registry.npmjs.org/isarray/-/isarray-0.0.1.tgz#8a18acfca9a8f4177e09abfc6038939b05d1eedf"

istanbul@~0.1.40:
  version "0.1.46"
  resolved "https://registry.npmjs.org/istanbul/-/istanbul-0.1.46.tgz#cefeb1c787d125a6db23bd0f63b0eb9390b0b40d"
  dependencies:
    abbrev "1.0.x"
    async "0.2.x"
    escodegen "0.0.23"
    esprima "1.0.x"
    fileset "0.1.x"
    handlebars "1.0.x"
    mkdirp "0.3.x"
    nopt "2.1.x"
    resolve "0.5.x"
    which "1.0.x"
    wordwrap "0.0.x"

jade@0.26.3:
  version "0.26.3"
  resolved "https://registry.npmjs.org/jade/-/jade-0.26.3.tgz#8f10d7977d8d79f2f6ff862a81b0513ccb25686c"
  dependencies:
    commander "0.6.1"
    mkdirp "0.3.0"

jake@~0.5.16:
  version "0.5.18"
  resolved "https://registry.npmjs.org/jake/-/jake-0.5.18.tgz#4b619cd874b9ff1887531964f47734385befe09d"
  dependencies:
    minimatch "0.2.x"
    utilities "0.0.x"

jshint@~2.1.3:
  version "2.1.11"
  resolved "https://registry.npmjs.org/jshint/-/jshint-2.1.11.tgz#eb5108fef9ba5ddebb830983f572d242e49e3f96"
  dependencies:
    cli "0.4.x"
    console-browserify "0.1.x"
    minimatch "0.x.x"
    shelljs "0.1.x"
    underscore "1.4.x"

karma@~0.8.5:
  version "0.8.8"
  resolved "https://registry.npmjs.org/karma/-/karma-0.8.8.tgz#b7fbb2aad0d43001f7d38820c1d9cc749af2e8a0"
  dependencies:
    LiveScript "1.0.1"
    chokidar "~0.6"
    coffee-script "~1.6"
    colors "0.6.0-1"
    dateformat "1.0.2-1.2.3"
    glob "~3.1.21"
    growly "~1.1"
    http-proxy "~0.10"
    istanbul "~0.1.40"
    lodash "~1.1"
    log4js "~0.6.3"
    mime "~1.2"
    minimatch "~0.2"
    optimist "0.3.5"
    pause "0.0.1"
    q "~0.9"
    rimraf "~2.1"
    socket.io "~0.9.13"
    xmlbuilder "0.4.2"

leaflet@~0.7.1:
  version "0.7.7"
  resolved "https://registry.npmjs.org/leaflet/-/leaflet-0.7.7.tgz#1e352ba54e63d076451fa363c900890cb2cf75ee"

lodash@~1.1:
  version "1.1.1"
  resolved "https://registry.npmjs.org/lodash/-/lodash-1.1.1.tgz#41a2b2e9a00e64d6d1999f143ff6b0755f6bbb24"

log4js@~0.6.3:
  version "0.6.38"
  resolved "https://registry.npmjs.org/log4js/-/log4js-0.6.38.tgz#2c494116695d6fb25480943d3fc872e662a522fd"
  dependencies:
    readable-stream "~1.0.2"
    semver "~4.3.3"

lru-cache@2:
  version "2.7.3"
  resolved "https://registry.npmjs.org/lru-cache/-/lru-cache-2.7.3.tgz#6d4524e8b955f95d4f5b58851ce21dd72fb4e952"

mime@~1.2:
  version "1.2.11"
  resolved "https://registry.npmjs.org/mime/-/mime-1.2.11.tgz#58203eed86e3a5ef17aed2b7d9ebd47f0a60dd10"

minimatch@0.2.x, minimatch@~0.2, minimatch@~0.2.11:
  version "0.2.14"
  resolved "https://registry.npmjs.org/minimatch/-/minimatch-0.2.14.tgz#c74e780574f63c6f9a090e90efbe6ef53a6a756a"
  dependencies:
    lru-cache "2"
    sigmund "~1.0.0"

minimatch@0.3:
  version "0.3.0"
  resolved "https://registry.npmjs.org/minimatch/-/minimatch-0.3.0.tgz#275d8edaac4f1bb3326472089e7949c8394699dd"
  dependencies:
    lru-cache "2"
    sigmund "~1.0.0"

minimatch@0.x, minimatch@0.x.x:
  version "0.4.0"
  resolved "https://registry.npmjs.org/minimatch/-/minimatch-0.4.0.tgz#bd2c7d060d2c8c8fd7cde7f1f2ed2d5b270fdb1b"
  dependencies:
    lru-cache "2"
    sigmund "~1.0.0"

minimatch@^3.0.4:
  version "3.0.4"
  resolved "https://registry.npmjs.org/minimatch/-/minimatch-3.0.4.tgz#5166e286457f03306064be5497e8dbb0c3d32083"
  dependencies:
    brace-expansion "^1.1.7"

minimist@0.0.8:
  version "0.0.8"
  resolved "https://registry.npmjs.org/minimist/-/minimist-0.0.8.tgz#857fcabfc3397d2625b8228262e86aa7a011b05d"

minimist@~0.0.1:
  version "0.0.10"
  resolved "https://registry.npmjs.org/minimist/-/minimist-0.0.10.tgz#de3f98543dbf96082be48ad1a0c7cda836301dcf"

mkdirp@0.3.0:
  version "0.3.0"
  resolved "https://registry.npmjs.org/mkdirp/-/mkdirp-0.3.0.tgz#1bbf5ab1ba827af23575143490426455f481fe1e"

mkdirp@0.3.3:
  version "0.3.3"
  resolved "https://registry.npmjs.org/mkdirp/-/mkdirp-0.3.3.tgz#595e251c1370c3a68bab2136d0e348b8105adf13"

mkdirp@0.3.x:
  version "0.3.5"
  resolved "https://registry.npmjs.org/mkdirp/-/mkdirp-0.3.5.tgz#de3e5f8961c88c787ee1368df849ac4413eca8d7"

mkdirp@0.x.x:
  version "0.5.1"
  resolved "https://registry.npmjs.org/mkdirp/-/mkdirp-0.5.1.tgz#30057438eac6cf7f8c4767f38648d6697d75c903"
  dependencies:
    minimist "0.0.8"

mocha@~1.10.0:
  version "1.10.0"
  resolved "https://registry.npmjs.org/mocha/-/mocha-1.10.0.tgz#f16acc950ef9566fbf908bcfb6d5d0416c39d0da"
  dependencies:
    commander "0.6.1"
    debug "*"
    diff "1.0.2"
    glob "3.2.1"
    growl "1.7.x"
    jade "0.26.3"
    mkdirp "0.3.3"
    ms "0.3.0"

ms@0.3.0:
  version "0.3.0"
  resolved "https://registry.npmjs.org/ms/-/ms-0.3.0.tgz#03edc348d613e66a56486cfdac53bcbe899cbd61"

ms@2.0.0:
  version "2.0.0"
  resolved "https://registry.npmjs.org/ms/-/ms-2.0.0.tgz#5608aeadfc00be6c2901df5f9861788de0d597c8"

nan@~1.0.0:
  version "1.0.0"
  resolved "https://registry.npmjs.org/nan/-/nan-1.0.0.tgz#ae24f8850818d662fcab5acf7f3b95bfaa2ccf38"

ncp@0.4.x:
  version "0.4.2"
  resolved "https://registry.npmjs.org/ncp/-/ncp-0.4.2.tgz#abcc6cbd3ec2ed2a729ff6e7c1fa8f01784a8574"

nopt@2.1.x:
  version "2.1.2"
  resolved "https://registry.npmjs.org/nopt/-/nopt-2.1.2.tgz#6cccd977b80132a07731d6e8ce58c2c8303cf9af"
  dependencies:
    abbrev "1"

once@^1.3.0:
  version "1.4.0"
  resolved "https://registry.npmjs.org/once/-/once-1.4.0.tgz#583b1aa775961d4b113ac17d9c50baef9dd76bd1"
  dependencies:
    wrappy "1"

optimist@0.3.5:
  version "0.3.5"
  resolved "https://registry.npmjs.org/optimist/-/optimist-0.3.5.tgz#03654b52417030312d109f39b159825b60309304"
  dependencies:
    wordwrap "~0.0.2"

optimist@0.6.x:
  version "0.6.1"
  resolved "https://registry.npmjs.org/optimist/-/optimist-0.6.1.tgz#da3ea74686fa21a19a111c326e90eb15a0196686"
  dependencies:
    minimist "~0.0.1"
    wordwrap "~0.0.2"

optimist@~0.3, optimist@~0.3.5:
  version "0.3.7"
  resolved "https://registry.npmjs.org/optimist/-/optimist-0.3.7.tgz#c90941ad59e4273328923074d2cf2e7cbc6ec0d9"
  dependencies:
    wordwrap "~0.0.2"

options@>=0.0.5:
  version "0.0.6"
  resolved "https://registry.npmjs.org/options/-/options-0.0.6.tgz#ec22d312806bb53e731773e7cdaefcf1c643128f"

path-is-absolute@^1.0.0:
  version "1.0.1"
  resolved "https://registry.npmjs.org/path-is-absolute/-/path-is-absolute-1.0.1.tgz#174b9268735534ffbc7ace6bf53a5a9e1b5c5f5f"

pause@0.0.1:
  version "0.0.1"
  resolved "https://registry.npmjs.org/pause/-/pause-0.0.1.tgz#1d408b3fdb76923b9543d96fb4c9dfd535d9cb5d"

pkginfo@0.3.x:
  version "0.3.1"
  resolved "https://registry.npmjs.org/pkginfo/-/pkginfo-0.3.1.tgz#5b29f6a81f70717142e09e765bbeab97b4f81e21"

policyfile@0.0.4:
  version "0.0.4"
  resolved "https://registry.npmjs.org/policyfile/-/policyfile-0.0.4.tgz#d6b82ead98ae79ebe228e2daf5903311ec982e4d"

"prelude-ls@>= 0.6.0":
  version "1.1.2"
  resolved "https://registry.npmjs.org/prelude-ls/-/prelude-ls-1.1.2.tgz#21932a549f5e52ffd9a827f570e04be62a97da54"

q@~0.9:
  version "0.9.7"
  resolved "https://registry.npmjs.org/q/-/q-0.9.7.tgz#4de2e6cb3b29088c9e4cbc03bf9d42fb96ce2f75"

readable-stream@~1.0.2:
  version "1.0.34"
  resolved "https://registry.npmjs.org/readable-stream/-/readable-stream-1.0.34.tgz#125820e34bc842d2f2aaafafe4c2916ee32c157c"
  dependencies:
    core-util-is "~1.0.0"
    inherits "~2.0.1"
    isarray "0.0.1"
    string_decoder "~0.10.x"

redis@0.7.3:
  version "0.7.3"
  resolved "https://registry.npmjs.org/redis/-/redis-0.7.3.tgz#ee57b7a44d25ec1594e44365d8165fa7d1d4811a"

resolve@0.5.x:
  version "0.5.1"
  resolved "https://registry.npmjs.org/resolve/-/resolve-0.5.1.tgz#15e4a222c4236bcd4cf85454412c2d0fb6524576"

rimraf@2.x.x:
  version "2.6.2"
  resolved "https://registry.npmjs.org/rimraf/-/rimraf-2.6.2.tgz#2ed8150d24a16ea8651e6d6ef0f47c4158ce7a36"
  dependencies:
    glob "^7.0.5"

rimraf@~2.1:
  version "2.1.4"
  resolved "https://registry.npmjs.org/rimraf/-/rimraf-2.1.4.tgz#5a6eb62eeda068f51ede50f29b3e5cd22f3d9bb2"
  optionalDependencies:
    graceful-fs "~1"

semver@~4.3.3:
  version "4.3.6"
  resolved "https://registry.npmjs.org/semver/-/semver-4.3.6.tgz#300bc6e0e86374f7ba61068b5b1ecd57fc6532da"

shelljs@0.1.x:
  version "0.1.4"
  resolved "https://registry.npmjs.org/shelljs/-/shelljs-0.1.4.tgz#dfbbe78d56c3c0168d2fb79e10ecd1dbcb07ec0e"

sigmund@~1.0.0:
  version "1.0.1"
  resolved "https://registry.npmjs.org/sigmund/-/sigmund-1.0.1.tgz#3ff21f198cad2175f9f3b781853fd94d0d19b590"

socket.io-client@0.9.16:
  version "0.9.16"
  resolved "https://registry.npmjs.org/socket.io-client/-/socket.io-client-0.9.16.tgz#4da7515c5e773041d1b423970415bcc430f35fc6"
  dependencies:
    active-x-obfuscator "0.0.1"
    uglify-js "1.2.5"
    ws "0.4.x"
    xmlhttprequest "1.4.2"

socket.io@~0.9.13:
  version "0.9.19"
  resolved "https://registry.npmjs.org/socket.io/-/socket.io-0.9.19.tgz#490bb5fd0dc54cf002ee04e67fadfc43b848a38f"
  dependencies:
    base64id "0.1.0"
    policyfile "0.0.4"
    socket.io-client "0.9.16"
  optionalDependencies:
    redis "0.7.3"

"source-map@>= 0.1.2":
  version "0.6.1"
  resolved "https://registry.npmjs.org/source-map/-/source-map-0.6.1.tgz#74722af32e9614e9c287a8d0bbde48b5e2f1a263"

source-map@~0.1.7:
  version "0.1.43"
  resolved "https://registry.npmjs.org/source-map/-/source-map-0.1.43.tgz#c24bc146ca517c1471f5dacbe2571b2b7f9e3346"
  dependencies:
    amdefine ">=0.0.4"

string_decoder@~0.10.x:
  version "0.10.31"
  resolved "https://registry.npmjs.org/string_decoder/-/string_decoder-0.10.31.tgz#62e203bc41766c6c28c9fc84301dab1c5310fa94"

tinycolor@0.x:
  version "0.0.1"
  resolved "https://registry.npmjs.org/tinycolor/-/tinycolor-0.0.1.tgz#320b5a52d83abb5978d81a3e887d4aefb15a6164"

uglify-js@1.2.5:
  version "1.2.5"
  resolved "https://registry.npmjs.org/uglify-js/-/uglify-js-1.2.5.tgz#b542c2c76f78efb34b200b20177634330ff702b6"

uglify-js@~2.3, uglify-js@~2.3.6:
  version "2.3.6"
  resolved "https://registry.npmjs.org/uglify-js/-/uglify-js-2.3.6.tgz#fa0984770b428b7a9b2a8058f46355d14fef211a"
  dependencies:
    async "~0.2.6"
    optimist "~0.3.5"
    source-map "~0.1.7"

underscore@1.4.x:
  version "1.4.4"
  resolved "https://registry.npmjs.org/underscore/-/underscore-1.4.4.tgz#61a6a32010622afa07963bf325203cf12239d604"

utile@~0.2.1:
  version "0.2.1"
  resolved "https://registry.npmjs.org/utile/-/utile-0.2.1.tgz#930c88e99098d6220834c356cbd9a770522d90d7"
  dependencies:
    async "~0.2.9"
    deep-equal "*"
    i "0.3.x"
    mkdirp "0.x.x"
    ncp "0.4.x"
    rimraf "2.x.x"

utilities@0.0.x:
  version "0.0.40"
  resolved "https://registry.npmjs.org/utilities/-/utilities-0.0.40.tgz#316872b282455d5e286b02a5cf91d31f65027a6c"

which@1.0.x:
  version "1.0.9"
  resolved "https://registry.npmjs.org/which/-/which-1.0.9.tgz#460c1da0f810103d0321a9b633af9e575e64486f"

wordwrap@0.0.x, wordwrap@~0.0.2:
  version "0.0.3"
  resolved "https://registry.npmjs.org/wordwrap/-/wordwrap-0.0.3.tgz#a3d5da6cd5c0bc0008d37234bbaf1bed63059107"

wrappy@1:
  version "1.0.2"
  resolved "https://registry.npmjs.org/wrappy/-/wrappy-1.0.2.tgz#b5243d8f3ec1aa35f1364605bc0d1036e30ab69f"

ws@0.4.x:
  version "0.4.32"
  resolved "https://registry.npmjs.org/ws/-/ws-0.4.32.tgz#787a6154414f3c99ed83c5772153b20feb0cec32"
  dependencies:
    commander "~2.1.0"
    nan "~1.0.0"
    options ">=0.0.5"
    tinycolor "0.x"

xmlbuilder@0.4.2:
  version "0.4.2"
  resolved "https://registry.npmjs.org/xmlbuilder/-/xmlbuilder-0.4.2.tgz#1776d65f3fdbad470a08d8604cdeb1c4e540ff83"

xmlhttprequest@1.4.2:
  version "1.4.2"
  resolved "https://registry.npmjs.org/xmlhttprequest/-/xmlhttprequest-1.4.2.tgz#01453a1d9bed1e8f172f6495bbf4c8c426321500"

zeparser@0.0.5:
  version "0.0.5"
  resolved "https://registry.npmjs.org/zeparser/-/zeparser-0.0.5.tgz#03726561bc268f2e5444f54c665b7fd4a8c029e2"
